
Microsoft Visual Studio Solution File, Format Version 12.00
# Visual Studio Version 17
VisualStudioVersion = 17.9.34728.123
MinimumVisualStudioVersion = 10.0.40219.1
Project("{9A19103F-16F7-4668-BE54-9A1E7A4F7556}") = "SFmodule14", "SFmodule14\SFmodule14.csproj", "{7B3FE0B0-CE89-45D5-AD58-B8D520C89CA7}"
EndProject
Project("{9A19103F-16F7-4668-BE54-9A1E7A4F7556}") = "Task8", "Task8\Task8.csproj", "{E37C54C6-C813-4430-BEFB-35B7739898C5}"
EndProject
Project("{9A19103F-16F7-4668-BE54-9A1E7A4F7556}") = "Task14.1.1", "Task14.1\Task14.1.1.csproj", "{7108BA66-4A3A-4151-B2F4-356BA8A08B74}"
EndProject
Project("{9A19103F-16F7-4668-BE54-9A1E7A4F7556}") = "Task14.1.2", "Task14.1.2\Task14.1.2.csproj", "{327DA5D9-20AF-4C6C-AE67-D0948A187775}"
EndProject
Project("{9A19103F-16F7-4668-BE54-9A1E7A4F7556}") = "Task14.1.6", "Task14.1.6\Task14.1.6.csproj", "{819CC7D4-FC7D-4836-B340-E01F5C6AC91F}"
EndProject
Project("{FAE04EC0-301F-11D3-BF4B-00C04F79EFBC}") = "Task14.2.1", "Task14.2.1\Task14.2.1.csproj", "{C9DADC7E-7D23-4036-959A-844D33F68AC3}"
EndProject
Project("{FAE04EC0-301F-11D3-BF4B-00C04F79EFBC}") = "Task14.2.3", "Task14.2.3\Task14.2.3.csproj", "{84D61D01-846E-4396-9128-38FBC650EC7D}"
EndProject
Project("{FAE04EC0-301F-11D3-BF4B-00C04F79EFBC}") = "Task14.2.4", "Task14.2.4\Task14.2.4.csproj", "{BB6B2E70-2384-4FCA-AC0D-02EC56C13E4F}"
EndProject
Project("{FAE04EC0-301F-11D3-BF4B-00C04F79EFBC}") = "Task14.2.5", "Task14.2.5\Task14.2.5.csproj", "{D1CECE9F-A96F-45BF-9ABD-1F3629F8A919}"
EndProject
Global
	GlobalSection(SolutionConfigurationPlatforms) = preSolution
		Debug|Any CPU = Debug|Any CPU
		Release|Any CPU = Release|Any CPU
	EndGlobalSection
	GlobalSection(ProjectConfigurationPlatforms) = postSolution
		{7B3FE0B0-CE89-45D5-AD58-B8D520C89CA7}.Debug|Any CPU.ActiveCfg = Debug|Any CPU
		{7B3FE0B0-CE89-45D5-AD58-B8D520C89CA7}.Debug|Any CPU.Build.0 = Debug|Any CPU
		{7B3FE0B0-CE89-45D5-AD58-B8D520C89CA7}.Release|Any CPU.ActiveCfg = Release|Any CPU
		{7B3FE0B0-CE89-45D5-AD58-B8D520C89CA7}.Release|Any CPU.Build.0 = Release|Any CPU
		{E37C54C6-C813-4430-BEFB-35B7739898C5}.Debug|Any CPU.ActiveCfg = Debug|Any CPU
		{E37C54C6-C813-4430-BEFB-35B7739898C5}.Debug|Any CPU.Build.0 = Debug|Any CPU
		{E37C54C6-C813-4430-BEFB-35B7739898C5}.Release|Any CPU.ActiveCfg = Release|Any CPU
		{E37C54C6-C813-4430-BEFB-35B7739898C5}.Release|Any CPU.Build.0 = Release|Any CPU
		{7108BA66-4A3A-4151-B2F4-356BA8A08B74}.Debug|Any CPU.ActiveCfg = Debug|Any CPU
		{7108BA66-4A3A-4151-B2F4-356BA8A08B74}.Debug|Any CPU.Build.0 = Debug|Any CPU
		{7108BA66-4A3A-4151-B2F4-356BA8A08B74}.Release|Any CPU.ActiveCfg = Release|Any CPU
		{7108BA66-4A3A-4151-B2F4-356BA8A08B74}.Release|Any CPU.Build.0 = Release|Any CPU
		{327DA5D9-20AF-4C6C-AE67-D0948A187775}.Debug|Any CPU.ActiveCfg = Debug|Any CPU
		{327DA5D9-20AF-4C6C-AE67-D0948A187775}.Debug|Any CPU.Build.0 = Debug|Any CPU
		{327DA5D9-20AF-4C6C-AE67-D0948A187775}.Release|Any CPU.ActiveCfg = Release|Any CPU
		{327DA5D9-20AF-4C6C-AE67-D0948A187775}.Release|Any CPU.Build.0 = Release|Any CPU
		{819CC7D4-FC7D-4836-B340-E01F5C6AC91F}.Debug|Any CPU.ActiveCfg = Debug|Any CPU
		{819CC7D4-FC7D-4836-B340-E01F5C6AC91F}.Debug|Any CPU.Build.0 = Debug|Any CPU
		{819CC7D4-FC7D-4836-B340-E01F5C6AC91F}.Release|Any CPU.ActiveCfg = Release|Any CPU
		{819CC7D4-FC7D-4836-B340-E01F5C6AC91F}.Release|Any CPU.Build.0 = Release|Any CPU
		{C9DADC7E-7D23-4036-959A-844D33F68AC3}.Debug|Any CPU.ActiveCfg = Debug|Any CPU
		{C9DADC7E-7D23-4036-959A-844D33F68AC3}.Debug|Any CPU.Build.0 = Debug|Any CPU
		{C9DADC7E-7D23-4036-959A-844D33F68AC3}.Release|Any CPU.ActiveCfg = Release|Any CPU
		{C9DADC7E-7D23-4036-959A-844D33F68AC3}.Release|Any CPU.Build.0 = Release|Any CPU
		{84D61D01-846E-4396-9128-38FBC650EC7D}.Debug|Any CPU.ActiveCfg = Debug|Any CPU
		{84D61D01-846E-4396-9128-38FBC650EC7D}.Debug|Any CPU.Build.0 = Debug|Any CPU
		{84D61D01-846E-4396-9128-38FBC650EC7D}.Release|Any CPU.ActiveCfg = Release|Any CPU
		{84D61D01-846E-4396-9128-38FBC650EC7D}.Release|Any CPU.Build.0 = Release|Any CPU
		{BB6B2E70-2384-4FCA-AC0D-02EC56C13E4F}.Debug|Any CPU.ActiveCfg = Debug|Any CPU
		{BB6B2E70-2384-4FCA-AC0D-02EC56C13E4F}.Debug|Any CPU.Build.0 = Debug|Any CPU
		{BB6B2E70-2384-4FCA-AC0D-02EC56C13E4F}.Release|Any CPU.ActiveCfg = Release|Any CPU
		{BB6B2E70-2384-4FCA-AC0D-02EC56C13E4F}.Release|Any CPU.Build.0 = Release|Any CPU
		{D1CECE9F-A96F-45BF-9ABD-1F3629F8A919}.Debug|Any CPU.ActiveCfg = Debug|Any CPU
		{D1CECE9F-A96F-45BF-9ABD-1F3629F8A919}.Debug|Any CPU.Build.0 = Debug|Any CPU
		{D1CECE9F-A96F-45BF-9ABD-1F3629F8A919}.Release|Any CPU.ActiveCfg = Release|Any CPU
		{D1CECE9F-A96F-45BF-9ABD-1F3629F8A919}.Release|Any CPU.Build.0 = Release|Any CPU
	EndGlobalSection
	GlobalSection(SolutionProperties) = preSolution
		HideSolutionNode = FALSE
	EndGlobalSection
	GlobalSection(ExtensibilityGlobals) = postSolution
		SolutionGuid = {5E3388C4-3711-446A-A050-A40BCCCCC5D3}
	EndGlobalSection
EndGlobal
